
Microsoft Visual Studio Solution File, Format Version 12.00
# Visual Studio Version 17
VisualStudioVersion = 17.0.31903.59
MinimumVisualStudioVersion = 10.0.40219.1
Project("{FAE04EC0-301F-11D3-BF4B-00C04F79EFBC}") = "Tagly.Api", "Tagly.Api\Tagly.Api.csproj", "{06A83BA6-A7AD-47E3-AFC1-3C47F98C6D79}"
EndProject
Project("{FAE04EC0-301F-11D3-BF4B-00C04F79EFBC}") = "Tagly.Db", "Tagly.Db\Tagly.Db.csproj", "{886BADFA-6A00-4345-B735-C5FD190C839F}"
EndProject
Project("{FAE04EC0-301F-11D3-BF4B-00C04F79EFBC}") = "Tagly.Grpc", "Tagly.Grpc\Tagly.Grpc.csproj", "{36137DB7-81FA-45EB-94F1-746E1263CB9B}"
EndProject
Project("{FAE04EC0-301F-11D3-BF4B-00C04F79EFBC}") = "Tagly.App", "Tagly.App\Tagly.App.csproj", "{F106CAC5-9952-4F6E-857D-63D417D7B611}"
EndProject
Global
	GlobalSection(SolutionConfigurationPlatforms) = preSolution
		Debug|Any CPU = Debug|Any CPU
		Release|Any CPU = Release|Any CPU
	EndGlobalSection
	GlobalSection(SolutionProperties) = preSolution
		HideSolutionNode = FALSE
	EndGlobalSection
	GlobalSection(ProjectConfigurationPlatforms) = postSolution
		{06A83BA6-A7AD-47E3-AFC1-3C47F98C6D79}.Debug|Any CPU.ActiveCfg = Debug|Any CPU
		{06A83BA6-A7AD-47E3-AFC1-3C47F98C6D79}.Debug|Any CPU.Build.0 = Debug|Any CPU
		{06A83BA6-A7AD-47E3-AFC1-3C47F98C6D79}.Release|Any CPU.ActiveCfg = Release|Any CPU
		{06A83BA6-A7AD-47E3-AFC1-3C47F98C6D79}.Release|Any CPU.Build.0 = Release|Any CPU
		{886BADFA-6A00-4345-B735-C5FD190C839F}.Debug|Any CPU.ActiveCfg = Debug|Any CPU
		{886BADFA-6A00-4345-B735-C5FD190C839F}.Debug|Any CPU.Build.0 = Debug|Any CPU
		{886BADFA-6A00-4345-B735-C5FD190C839F}.Release|Any CPU.ActiveCfg = Release|Any CPU
		{886BADFA-6A00-4345-B735-C5FD190C839F}.Release|Any CPU.Build.0 = Release|Any CPU
		{36137DB7-81FA-45EB-94F1-746E1263CB9B}.Debug|Any CPU.ActiveCfg = Debug|Any CPU
		{36137DB7-81FA-45EB-94F1-746E1263CB9B}.Debug|Any CPU.Build.0 = Debug|Any CPU
		{36137DB7-81FA-45EB-94F1-746E1263CB9B}.Release|Any CPU.ActiveCfg = Release|Any CPU
		{36137DB7-81FA-45EB-94F1-746E1263CB9B}.Release|Any CPU.Build.0 = Release|Any CPU
		{F106CAC5-9952-4F6E-857D-63D417D7B611}.Debug|Any CPU.ActiveCfg = Debug|Any CPU
		{F106CAC5-9952-4F6E-857D-63D417D7B611}.Debug|Any CPU.Build.0 = Debug|Any CPU
		{F106CAC5-9952-4F6E-857D-63D417D7B611}.Release|Any CPU.ActiveCfg = Release|Any CPU
		{F106CAC5-9952-4F6E-857D-63D417D7B611}.Release|Any CPU.Build.0 = Release|Any CPU
	EndGlobalSection
EndGlobal
